
Microsoft Visual Studio Solution File, Format Version 12.00
# Visual Studio Version 16
VisualStudioVersion = 16.0.30225.117
MinimumVisualStudioVersion = 10.0.40219.1
Project("{FAE04EC0-301F-11D3-BF4B-00C04F79EFBC}") = "WindowsFormsApp1", "WindowsFormsApp1.csproj", "{D38D65C6-C03E-4EFD-972B-46DE98AB934E}"
EndProject
Project("{FAE04EC0-301F-11D3-BF4B-00C04F79EFBC}") = "DataAccessLayer", "..\DataAccessLayer\DataAccessLayer.csproj", "{40320DEC-AF56-4F50-A42A-77A958A6200E}"
EndProject
Project("{FAE04EC0-301F-11D3-BF4B-00C04F79EFBC}") = "NetworkAccessLayer", "..\NetworkLayer\NetworkAccessLayer.csproj", "{69284B4C-EC0F-4E37-9D0B-E2F2C54A5AE6}"
EndProject
Global
	GlobalSection(SolutionConfigurationPlatforms) = preSolution
		Debug|Any CPU = Debug|Any CPU
		Release|Any CPU = Release|Any CPU
	EndGlobalSection
	GlobalSection(ProjectConfigurationPlatforms) = postSolution
		{D38D65C6-C03E-4EFD-972B-46DE98AB934E}.Debug|Any CPU.ActiveCfg = Debug|Any CPU
		{D38D65C6-C03E-4EFD-972B-46DE98AB934E}.Debug|Any CPU.Build.0 = Debug|Any CPU
		{D38D65C6-C03E-4EFD-972B-46DE98AB934E}.Release|Any CPU.ActiveCfg = Release|Any CPU
		{D38D65C6-C03E-4EFD-972B-46DE98AB934E}.Release|Any CPU.Build.0 = Release|Any CPU
		{40320DEC-AF56-4F50-A42A-77A958A6200E}.Debug|Any CPU.ActiveCfg = Debug|Any CPU
		{40320DEC-AF56-4F50-A42A-77A958A6200E}.Debug|Any CPU.Build.0 = Debug|Any CPU
		{40320DEC-AF56-4F50-A42A-77A958A6200E}.Release|Any CPU.ActiveCfg = Release|Any CPU
		{40320DEC-AF56-4F50-A42A-77A958A6200E}.Release|Any CPU.Build.0 = Release|Any CPU
		{69284B4C-EC0F-4E37-9D0B-E2F2C54A5AE6}.Debug|Any CPU.ActiveCfg = Debug|Any CPU
		{69284B4C-EC0F-4E37-9D0B-E2F2C54A5AE6}.Debug|Any CPU.Build.0 = Debug|Any CPU
		{69284B4C-EC0F-4E37-9D0B-E2F2C54A5AE6}.Release|Any CPU.ActiveCfg = Release|Any CPU
		{69284B4C-EC0F-4E37-9D0B-E2F2C54A5AE6}.Release|Any CPU.Build.0 = Release|Any CPU
	EndGlobalSection
	GlobalSection(SolutionProperties) = preSolution
		HideSolutionNode = FALSE
	EndGlobalSection
	GlobalSection(ExtensibilityGlobals) = postSolution
		SolutionGuid = {E5FF9704-0F66-4859-AD0C-CF13AA49F572}
	EndGlobalSection
EndGlobal
